
Microsoft Visual Studio Solution File, Format Version 12.00
# Visual Studio 2013
VisualStudioVersion = 12.0.21005.1
MinimumVisualStudioVersion = 10.0.40219.1
Project("{FAE04EC0-301F-11D3-BF4B-00C04F79EFBC}") = "Oragon.Architecture", "Oragon.Architecture\Oragon.Architecture.4.5.csproj", "{83C14B5F-0F7F-415B-AEF5-5F04D7B8F7C1}"
EndProject
Project("{FAE04EC0-301F-11D3-BF4B-00C04F79EFBC}") = "Oragon.Architecture.GenericServiceHost", "Oragon.Architecture.GenericHost\Oragon.Architecture.GenericServiceHost.4.5.csproj", "{54D4BBBF-3F14-4734-82FD-CDE77D3D57E7}"
EndProject
Project("{FAE04EC0-301F-11D3-BF4B-00C04F79EFBC}") = "Oragon.Architecture.Security", "Oragon.Architecture.Security\Oragon.Architecture.Security.4.5.csproj", "{715197AD-B739-49EA-AD24-DA0A2D7675A1}"
EndProject
Project("{2150E333-8FDC-42A3-9474-1A3956D46DE8}") = "Solution Items", "Solution Items", "{A390CE9A-7059-4742-A43B-6CFC88D7462E}"
	ProjectSection(SolutionItems) = preProject
		Version.cs = Version.cs
	EndProjectSection
EndProject
Project("{FAE04EC0-301F-11D3-BF4B-00C04F79EFBC}") = "Oragon.Architecture.ExcelIntegration", "Oragon.Architecture.ExcelIntegration\Oragon.Architecture.ExcelIntegration.4.5.csproj", "{9BFDD1EF-14F1-4A5F-9960-7CA7A705B327}"
EndProject
Project("{FAE04EC0-301F-11D3-BF4B-00C04F79EFBC}") = "Oragon.Architecture.Web", "Oragon.Architecture.Web\Oragon.Architecture.Web.4.5.csproj", "{75BB9E8B-3E4A-4455-B446-3171127CDC79}"
EndProject
Project("{FAE04EC0-301F-11D3-BF4B-00C04F79EFBC}") = "Oragon.Architecture.ExcelIntegrationTest", "Oragon.Architecture.ExcelIntegrationTest\Oragon.Architecture.ExcelIntegrationTest.4.5.csproj", "{A4937D82-95BC-4F9B-B4F0-F9E02B422FF6}"
EndProject
Project("{FAE04EC0-301F-11D3-BF4B-00C04F79EFBC}") = "Oragon.Architecture.Tests", "Oragon.Architecture.Tests\Oragon.Architecture.Tests.4.5.csproj", "{B4504825-F815-4CF3-9103-EB028BD359D4}"
EndProject
Global
	GlobalSection(SolutionConfigurationPlatforms) = preSolution
		Debug|Any CPU = Debug|Any CPU
		Dev|Any CPU = Dev|Any CPU
		Hmg|Any CPU = Hmg|Any CPU
		Prd|Any CPU = Prd|Any CPU
		Release|Any CPU = Release|Any CPU
		Tst|Any CPU = Tst|Any CPU
	EndGlobalSection
	GlobalSection(ProjectConfigurationPlatforms) = postSolution
		{83C14B5F-0F7F-415B-AEF5-5F04D7B8F7C1}.Debug|Any CPU.ActiveCfg = Dev|Any CPU
		{83C14B5F-0F7F-415B-AEF5-5F04D7B8F7C1}.Debug|Any CPU.Build.0 = Dev|Any CPU
		{83C14B5F-0F7F-415B-AEF5-5F04D7B8F7C1}.Dev|Any CPU.ActiveCfg = Dev|Any CPU
		{83C14B5F-0F7F-415B-AEF5-5F04D7B8F7C1}.Dev|Any CPU.Build.0 = Dev|Any CPU
		{83C14B5F-0F7F-415B-AEF5-5F04D7B8F7C1}.Hmg|Any CPU.ActiveCfg = Hmg|Any CPU
		{83C14B5F-0F7F-415B-AEF5-5F04D7B8F7C1}.Hmg|Any CPU.Build.0 = Hmg|Any CPU
		{83C14B5F-0F7F-415B-AEF5-5F04D7B8F7C1}.Prd|Any CPU.ActiveCfg = Prd|Any CPU
		{83C14B5F-0F7F-415B-AEF5-5F04D7B8F7C1}.Prd|Any CPU.Build.0 = Prd|Any CPU
		{83C14B5F-0F7F-415B-AEF5-5F04D7B8F7C1}.Release|Any CPU.ActiveCfg = Hmg|Any CPU
		{83C14B5F-0F7F-415B-AEF5-5F04D7B8F7C1}.Release|Any CPU.Build.0 = Hmg|Any CPU
		{83C14B5F-0F7F-415B-AEF5-5F04D7B8F7C1}.Tst|Any CPU.ActiveCfg = Tst|Any CPU
		{83C14B5F-0F7F-415B-AEF5-5F04D7B8F7C1}.Tst|Any CPU.Build.0 = Tst|Any CPU
		{54D4BBBF-3F14-4734-82FD-CDE77D3D57E7}.Debug|Any CPU.ActiveCfg = Debug|Any CPU
		{54D4BBBF-3F14-4734-82FD-CDE77D3D57E7}.Debug|Any CPU.Build.0 = Debug|Any CPU
		{54D4BBBF-3F14-4734-82FD-CDE77D3D57E7}.Dev|Any CPU.ActiveCfg = Debug|Any CPU
		{54D4BBBF-3F14-4734-82FD-CDE77D3D57E7}.Dev|Any CPU.Build.0 = Debug|Any CPU
		{54D4BBBF-3F14-4734-82FD-CDE77D3D57E7}.Hmg|Any CPU.ActiveCfg = Release|Any CPU
		{54D4BBBF-3F14-4734-82FD-CDE77D3D57E7}.Hmg|Any CPU.Build.0 = Release|Any CPU
		{54D4BBBF-3F14-4734-82FD-CDE77D3D57E7}.Prd|Any CPU.ActiveCfg = Release|Any CPU
		{54D4BBBF-3F14-4734-82FD-CDE77D3D57E7}.Prd|Any CPU.Build.0 = Release|Any CPU
		{54D4BBBF-3F14-4734-82FD-CDE77D3D57E7}.Release|Any CPU.ActiveCfg = Release|Any CPU
		{54D4BBBF-3F14-4734-82FD-CDE77D3D57E7}.Release|Any CPU.Build.0 = Release|Any CPU
		{54D4BBBF-3F14-4734-82FD-CDE77D3D57E7}.Tst|Any CPU.ActiveCfg = Release|Any CPU
		{54D4BBBF-3F14-4734-82FD-CDE77D3D57E7}.Tst|Any CPU.Build.0 = Release|Any CPU
		{715197AD-B739-49EA-AD24-DA0A2D7675A1}.Debug|Any CPU.ActiveCfg = Dev|Any CPU
		{715197AD-B739-49EA-AD24-DA0A2D7675A1}.Debug|Any CPU.Build.0 = Dev|Any CPU
		{715197AD-B739-49EA-AD24-DA0A2D7675A1}.Dev|Any CPU.ActiveCfg = Dev|Any CPU
		{715197AD-B739-49EA-AD24-DA0A2D7675A1}.Dev|Any CPU.Build.0 = Dev|Any CPU
		{715197AD-B739-49EA-AD24-DA0A2D7675A1}.Hmg|Any CPU.ActiveCfg = Hmg|Any CPU
		{715197AD-B739-49EA-AD24-DA0A2D7675A1}.Hmg|Any CPU.Build.0 = Hmg|Any CPU
		{715197AD-B739-49EA-AD24-DA0A2D7675A1}.Prd|Any CPU.ActiveCfg = Prd|Any CPU
		{715197AD-B739-49EA-AD24-DA0A2D7675A1}.Prd|Any CPU.Build.0 = Prd|Any CPU
		{715197AD-B739-49EA-AD24-DA0A2D7675A1}.Release|Any CPU.ActiveCfg = Hmg|Any CPU
		{715197AD-B739-49EA-AD24-DA0A2D7675A1}.Release|Any CPU.Build.0 = Hmg|Any CPU
		{715197AD-B739-49EA-AD24-DA0A2D7675A1}.Tst|Any CPU.ActiveCfg = Tst|Any CPU
		{715197AD-B739-49EA-AD24-DA0A2D7675A1}.Tst|Any CPU.Build.0 = Tst|Any CPU
		{9BFDD1EF-14F1-4A5F-9960-7CA7A705B327}.Debug|Any CPU.ActiveCfg = Debug|Any CPU
		{9BFDD1EF-14F1-4A5F-9960-7CA7A705B327}.Debug|Any CPU.Build.0 = Debug|Any CPU
		{9BFDD1EF-14F1-4A5F-9960-7CA7A705B327}.Dev|Any CPU.ActiveCfg = Debug|Any CPU
		{9BFDD1EF-14F1-4A5F-9960-7CA7A705B327}.Dev|Any CPU.Build.0 = Debug|Any CPU
		{9BFDD1EF-14F1-4A5F-9960-7CA7A705B327}.Hmg|Any CPU.ActiveCfg = Release|Any CPU
		{9BFDD1EF-14F1-4A5F-9960-7CA7A705B327}.Hmg|Any CPU.Build.0 = Release|Any CPU
		{9BFDD1EF-14F1-4A5F-9960-7CA7A705B327}.Prd|Any CPU.ActiveCfg = Release|Any CPU
		{9BFDD1EF-14F1-4A5F-9960-7CA7A705B327}.Prd|Any CPU.Build.0 = Release|Any CPU
		{9BFDD1EF-14F1-4A5F-9960-7CA7A705B327}.Release|Any CPU.ActiveCfg = Release|Any CPU
		{9BFDD1EF-14F1-4A5F-9960-7CA7A705B327}.Release|Any CPU.Build.0 = Release|Any CPU
		{9BFDD1EF-14F1-4A5F-9960-7CA7A705B327}.Tst|Any CPU.ActiveCfg = Release|Any CPU
		{9BFDD1EF-14F1-4A5F-9960-7CA7A705B327}.Tst|Any CPU.Build.0 = Release|Any CPU
		{75BB9E8B-3E4A-4455-B446-3171127CDC79}.Debug|Any CPU.ActiveCfg = Dev|Any CPU
		{75BB9E8B-3E4A-4455-B446-3171127CDC79}.Debug|Any CPU.Build.0 = Dev|Any CPU
		{75BB9E8B-3E4A-4455-B446-3171127CDC79}.Dev|Any CPU.ActiveCfg = Dev|Any CPU
		{75BB9E8B-3E4A-4455-B446-3171127CDC79}.Dev|Any CPU.Build.0 = Dev|Any CPU
		{75BB9E8B-3E4A-4455-B446-3171127CDC79}.Hmg|Any CPU.ActiveCfg = Hmg|Any CPU
		{75BB9E8B-3E4A-4455-B446-3171127CDC79}.Hmg|Any CPU.Build.0 = Hmg|Any CPU
		{75BB9E8B-3E4A-4455-B446-3171127CDC79}.Prd|Any CPU.ActiveCfg = Prd|Any CPU
		{75BB9E8B-3E4A-4455-B446-3171127CDC79}.Prd|Any CPU.Build.0 = Prd|Any CPU
		{75BB9E8B-3E4A-4455-B446-3171127CDC79}.Release|Any CPU.ActiveCfg = Hmg|Any CPU
		{75BB9E8B-3E4A-4455-B446-3171127CDC79}.Release|Any CPU.Build.0 = Hmg|Any CPU
		{75BB9E8B-3E4A-4455-B446-3171127CDC79}.Tst|Any CPU.ActiveCfg = Tst|Any CPU
		{75BB9E8B-3E4A-4455-B446-3171127CDC79}.Tst|Any CPU.Build.0 = Tst|Any CPU
		{A4937D82-95BC-4F9B-B4F0-F9E02B422FF6}.Debug|Any CPU.ActiveCfg = Debug|Any CPU
		{A4937D82-95BC-4F9B-B4F0-F9E02B422FF6}.Debug|Any CPU.Build.0 = Debug|Any CPU
		{A4937D82-95BC-4F9B-B4F0-F9E02B422FF6}.Dev|Any CPU.ActiveCfg = Debug|Any CPU
		{A4937D82-95BC-4F9B-B4F0-F9E02B422FF6}.Dev|Any CPU.Build.0 = Debug|Any CPU
		{A4937D82-95BC-4F9B-B4F0-F9E02B422FF6}.Hmg|Any CPU.ActiveCfg = Release|Any CPU
		{A4937D82-95BC-4F9B-B4F0-F9E02B422FF6}.Hmg|Any CPU.Build.0 = Release|Any CPU
		{A4937D82-95BC-4F9B-B4F0-F9E02B422FF6}.Prd|Any CPU.ActiveCfg = Release|Any CPU
		{A4937D82-95BC-4F9B-B4F0-F9E02B422FF6}.Prd|Any CPU.Build.0 = Release|Any CPU
		{A4937D82-95BC-4F9B-B4F0-F9E02B422FF6}.Release|Any CPU.ActiveCfg = Release|Any CPU
		{A4937D82-95BC-4F9B-B4F0-F9E02B422FF6}.Release|Any CPU.Build.0 = Release|Any CPU
		{A4937D82-95BC-4F9B-B4F0-F9E02B422FF6}.Tst|Any CPU.ActiveCfg = Release|Any CPU
		{A4937D82-95BC-4F9B-B4F0-F9E02B422FF6}.Tst|Any CPU.Build.0 = Release|Any CPU
		{B4504825-F815-4CF3-9103-EB028BD359D4}.Debug|Any CPU.ActiveCfg = Debug|Any CPU
		{B4504825-F815-4CF3-9103-EB028BD359D4}.Debug|Any CPU.Build.0 = Debug|Any CPU
		{B4504825-F815-4CF3-9103-EB028BD359D4}.Dev|Any CPU.ActiveCfg = Debug|Any CPU
		{B4504825-F815-4CF3-9103-EB028BD359D4}.Dev|Any CPU.Build.0 = Debug|Any CPU
		{B4504825-F815-4CF3-9103-EB028BD359D4}.Hmg|Any CPU.ActiveCfg = Release|Any CPU
		{B4504825-F815-4CF3-9103-EB028BD359D4}.Hmg|Any CPU.Build.0 = Release|Any CPU
		{B4504825-F815-4CF3-9103-EB028BD359D4}.Prd|Any CPU.ActiveCfg = Release|Any CPU
		{B4504825-F815-4CF3-9103-EB028BD359D4}.Prd|Any CPU.Build.0 = Release|Any CPU
		{B4504825-F815-4CF3-9103-EB028BD359D4}.Release|Any CPU.ActiveCfg = Release|Any CPU
		{B4504825-F815-4CF3-9103-EB028BD359D4}.Release|Any CPU.Build.0 = Release|Any CPU
		{B4504825-F815-4CF3-9103-EB028BD359D4}.Tst|Any CPU.ActiveCfg = Release|Any CPU
		{B4504825-F815-4CF3-9103-EB028BD359D4}.Tst|Any CPU.Build.0 = Release|Any CPU
	EndGlobalSection
	GlobalSection(SolutionProperties) = preSolution
		HideSolutionNode = FALSE
	EndGlobalSection
EndGlobal
