
Microsoft Visual Studio Solution File, Format Version 12.00
# Visual Studio 2012
Project("{2150E333-8FDC-42A3-9474-1A3956D46DE8}") = "Templates", "Templates", "{6C7A4AF9-0BE9-4430-96BB-6F29591DADDC}"
EndProject
Project("{FAE04EC0-301F-11D3-BF4B-00C04F79EFBC}") = "Oragon.CodeGen.MetaData.Domain", "Oragon.CodeGen.MetaData.Domain\Oragon.CodeGen.MetaData.Domain.csproj", "{C2BE5711-6F2D-4942-943A-8C83285044EB}"
EndProject
Project("{FAE04EC0-301F-11D3-BF4B-00C04F79EFBC}") = "Oragon.CodeGen.MetaData.DataBase", "Oragon.CodeGen.MetaData.DataBase\Oragon.CodeGen.MetaData.DataBase.csproj", "{72BEAB1C-B55F-4F0E-89AF-17F71E74A452}"
EndProject
Project("{FAE04EC0-301F-11D3-BF4B-00C04F79EFBC}") = "Oragon.CodeGen.ConsoleApp", "Oragon.CodeGen.ConsoleApp\Oragon.CodeGen.ConsoleApp.csproj", "{AF1E0E2B-D016-44A8-8E61-AE17D8C09CB8}"
	ProjectSection(ProjectDependencies) = postProject
		{C2BE5711-6F2D-4942-943A-8C83285044EB} = {C2BE5711-6F2D-4942-943A-8C83285044EB}
		{72BEAB1C-B55F-4F0E-89AF-17F71E74A452} = {72BEAB1C-B55F-4F0E-89AF-17F71E74A452}
	EndProjectSection
EndProject
Project("{FAE04EC0-301F-11D3-BF4B-00C04F79EFBC}") = "Oragon.CodeGen.Templating", "Oragon.CodeGen.Templating\Oragon.CodeGen.Templating.csproj", "{CEC8B649-E2F0-41C5-8AD7-869274F4689C}"
EndProject
Project("{FAE04EC0-301F-11D3-BF4B-00C04F79EFBC}") = "Oragon.CodeGen.MetaData.Domain.Templating", "Oragon.CodeGen.MetaData.Domain.Templating\Oragon.CodeGen.MetaData.Domain.Templating.csproj", "{E68CA7F7-762E-4724-A9E3-59EB99525345}"
EndProject
Project("{2150E333-8FDC-42A3-9474-1A3956D46DE8}") = "[CodeGen-BRQ]", "[CodeGen-BRQ]", "{7E2B56DF-50E4-46CF-9431-9457B897EDF0}"
	ProjectSection(SolutionItems) = preProject
		[CodeGen-BRQ]\Gen.config = [CodeGen-BRQ]\Gen.config
		[CodeGen-BRQ]\Template.DataProcess.tt = [CodeGen-BRQ]\Template.DataProcess.tt
		[CodeGen-BRQ]\Template.Entities.tt = [CodeGen-BRQ]\Template.Entities.tt
		[CodeGen-BRQ]\Template.Mappings.tt = [CodeGen-BRQ]\Template.Mappings.tt
	EndProjectSection
EndProject
Project("{2150E333-8FDC-42A3-9474-1A3956D46DE8}") = "[CodeGen-BSI]", "[CodeGen-BSI]", "{70EB9706-B96A-440E-97AC-3926BF9F22D5}"
	ProjectSection(SolutionItems) = preProject
		[CodeGen-BSI]\Gen.config = [CodeGen-BSI]\Gen.config
		[CodeGen-BSI]\Template.BusinessProcess.tt = [CodeGen-BSI]\Template.BusinessProcess.tt
		[CodeGen-BSI]\Template.DataProcess.tt = [CodeGen-BSI]\Template.DataProcess.tt
		[CodeGen-BSI]\Template.Entities.tt = [CodeGen-BSI]\Template.Entities.tt
		[CodeGen-BSI]\Template.IOC.tt = [CodeGen-BSI]\Template.IOC.tt
		[CodeGen-BSI]\Template.MVC.Details.tt = [CodeGen-BSI]\Template.MVC.Details.tt
		[CodeGen-BSI]\Template.MVC.Edit.tt = [CodeGen-BSI]\Template.MVC.Edit.tt
		[CodeGen-BSI]\Template.MVC.Grid.tt = [CodeGen-BSI]\Template.MVC.Grid.tt
		[CodeGen-BSI]\Template.MVCController.tt = [CodeGen-BSI]\Template.MVCController.tt
		[CodeGen-BSI]\Template.ServiceFacade.tt = [CodeGen-BSI]\Template.ServiceFacade.tt
		[CodeGen-BSI]\Template.ServiceInterface.tt = [CodeGen-BSI]\Template.ServiceInterface.tt
	EndProjectSection
EndProject
Project("{2150E333-8FDC-42A3-9474-1A3956D46DE8}") = "[CodeGen-Log]", "[CodeGen-Log]", "{6F850FB3-9E59-450D-96E6-91CC3365EC5F}"
	ProjectSection(SolutionItems) = preProject
		[CodeGen-Log]\Gen.config = [CodeGen-Log]\Gen.config
		[CodeGen-Log]\Template.DataProcess.tt = [CodeGen-Log]\Template.DataProcess.tt
		[CodeGen-Log]\Template.Entities.tt = [CodeGen-Log]\Template.Entities.tt
		[CodeGen-Log]\Template.Mappings.tt = [CodeGen-Log]\Template.Mappings.tt
	EndProjectSection
EndProject
Project("{2150E333-8FDC-42A3-9474-1A3956D46DE8}") = "[CodeGen]", "[CodeGen]", "{220668BF-0EA7-4EBD-A20E-6D90DEA63637}"
	ProjectSection(SolutionItems) = preProject
		[CodeGen]\Gen.config = [CodeGen]\Gen.config
		[CodeGen]\Template.DataProcess.tt = [CodeGen]\Template.DataProcess.tt
		[CodeGen]\Template.Entities.tt = [CodeGen]\Template.Entities.tt
		[CodeGen]\Template.Mappings.tt = [CodeGen]\Template.Mappings.tt
	EndProjectSection
EndProject
Project("{2150E333-8FDC-42A3-9474-1A3956D46DE8}") = "[CodeGen-iMusica]", "[CodeGen-iMusica]", "{3854707D-51BA-48AF-B603-7091471EC436}"
	ProjectSection(SolutionItems) = preProject
		[CodeGen-iMusica]\Gen.iMusicaFechamento.config = [CodeGen-iMusica]\Gen.iMusicaFechamento.config
		[CodeGen-iMusica]\Gen.iMusicaIMK.config = [CodeGen-iMusica]\Gen.iMusicaIMK.config
		[CodeGen-iMusica]\Gen.iMusicaMeta.config = [CodeGen-iMusica]\Gen.iMusicaMeta.config
		[CodeGen-iMusica]\Template.DataProcess.tt = [CodeGen-iMusica]\Template.DataProcess.tt
		[CodeGen-iMusica]\Template.Entities.tt = [CodeGen-iMusica]\Template.Entities.tt
		[CodeGen-iMusica]\Template.Mappings.tt = [CodeGen-iMusica]\Template.Mappings.tt
	EndProjectSection
EndProject
Global
	GlobalSection(SolutionConfigurationPlatforms) = preSolution
		Debug|Any CPU = Debug|Any CPU
		Debug|Mixed Platforms = Debug|Mixed Platforms
		Debug|x86 = Debug|x86
		Release|Any CPU = Release|Any CPU
		Release|Mixed Platforms = Release|Mixed Platforms
		Release|x86 = Release|x86
	EndGlobalSection
	GlobalSection(ProjectConfigurationPlatforms) = postSolution
		{C2BE5711-6F2D-4942-943A-8C83285044EB}.Debug|Any CPU.ActiveCfg = Debug|Any CPU
		{C2BE5711-6F2D-4942-943A-8C83285044EB}.Debug|Any CPU.Build.0 = Debug|Any CPU
		{C2BE5711-6F2D-4942-943A-8C83285044EB}.Debug|Mixed Platforms.ActiveCfg = Debug|Any CPU
		{C2BE5711-6F2D-4942-943A-8C83285044EB}.Debug|Mixed Platforms.Build.0 = Debug|Any CPU
		{C2BE5711-6F2D-4942-943A-8C83285044EB}.Debug|x86.ActiveCfg = Debug|Any CPU
		{C2BE5711-6F2D-4942-943A-8C83285044EB}.Release|Any CPU.ActiveCfg = Release|Any CPU
		{C2BE5711-6F2D-4942-943A-8C83285044EB}.Release|Any CPU.Build.0 = Release|Any CPU
		{C2BE5711-6F2D-4942-943A-8C83285044EB}.Release|Mixed Platforms.ActiveCfg = Release|Any CPU
		{C2BE5711-6F2D-4942-943A-8C83285044EB}.Release|Mixed Platforms.Build.0 = Release|Any CPU
		{C2BE5711-6F2D-4942-943A-8C83285044EB}.Release|x86.ActiveCfg = Release|Any CPU
		{72BEAB1C-B55F-4F0E-89AF-17F71E74A452}.Debug|Any CPU.ActiveCfg = Debug|Any CPU
		{72BEAB1C-B55F-4F0E-89AF-17F71E74A452}.Debug|Any CPU.Build.0 = Debug|Any CPU
		{72BEAB1C-B55F-4F0E-89AF-17F71E74A452}.Debug|Mixed Platforms.ActiveCfg = Debug|Any CPU
		{72BEAB1C-B55F-4F0E-89AF-17F71E74A452}.Debug|Mixed Platforms.Build.0 = Debug|Any CPU
		{72BEAB1C-B55F-4F0E-89AF-17F71E74A452}.Debug|x86.ActiveCfg = Debug|Any CPU
		{72BEAB1C-B55F-4F0E-89AF-17F71E74A452}.Release|Any CPU.ActiveCfg = Release|Any CPU
		{72BEAB1C-B55F-4F0E-89AF-17F71E74A452}.Release|Any CPU.Build.0 = Release|Any CPU
		{72BEAB1C-B55F-4F0E-89AF-17F71E74A452}.Release|Mixed Platforms.ActiveCfg = Release|Any CPU
		{72BEAB1C-B55F-4F0E-89AF-17F71E74A452}.Release|Mixed Platforms.Build.0 = Release|Any CPU
		{72BEAB1C-B55F-4F0E-89AF-17F71E74A452}.Release|x86.ActiveCfg = Release|Any CPU
		{AF1E0E2B-D016-44A8-8E61-AE17D8C09CB8}.Debug|Any CPU.ActiveCfg = Debug|x86
		{AF1E0E2B-D016-44A8-8E61-AE17D8C09CB8}.Debug|Mixed Platforms.ActiveCfg = Debug|x86
		{AF1E0E2B-D016-44A8-8E61-AE17D8C09CB8}.Debug|Mixed Platforms.Build.0 = Debug|x86
		{AF1E0E2B-D016-44A8-8E61-AE17D8C09CB8}.Debug|x86.ActiveCfg = Debug|x86
		{AF1E0E2B-D016-44A8-8E61-AE17D8C09CB8}.Debug|x86.Build.0 = Debug|x86
		{AF1E0E2B-D016-44A8-8E61-AE17D8C09CB8}.Release|Any CPU.ActiveCfg = Release|x86
		{AF1E0E2B-D016-44A8-8E61-AE17D8C09CB8}.Release|Mixed Platforms.ActiveCfg = Release|x86
		{AF1E0E2B-D016-44A8-8E61-AE17D8C09CB8}.Release|Mixed Platforms.Build.0 = Release|x86
		{AF1E0E2B-D016-44A8-8E61-AE17D8C09CB8}.Release|x86.ActiveCfg = Release|x86
		{AF1E0E2B-D016-44A8-8E61-AE17D8C09CB8}.Release|x86.Build.0 = Release|x86
		{CEC8B649-E2F0-41C5-8AD7-869274F4689C}.Debug|Any CPU.ActiveCfg = Debug|Any CPU
		{CEC8B649-E2F0-41C5-8AD7-869274F4689C}.Debug|Any CPU.Build.0 = Debug|Any CPU
		{CEC8B649-E2F0-41C5-8AD7-869274F4689C}.Debug|Mixed Platforms.ActiveCfg = Debug|Any CPU
		{CEC8B649-E2F0-41C5-8AD7-869274F4689C}.Debug|Mixed Platforms.Build.0 = Debug|Any CPU
		{CEC8B649-E2F0-41C5-8AD7-869274F4689C}.Debug|x86.ActiveCfg = Debug|Any CPU
		{CEC8B649-E2F0-41C5-8AD7-869274F4689C}.Release|Any CPU.ActiveCfg = Release|Any CPU
		{CEC8B649-E2F0-41C5-8AD7-869274F4689C}.Release|Any CPU.Build.0 = Release|Any CPU
		{CEC8B649-E2F0-41C5-8AD7-869274F4689C}.Release|Mixed Platforms.ActiveCfg = Release|Any CPU
		{CEC8B649-E2F0-41C5-8AD7-869274F4689C}.Release|Mixed Platforms.Build.0 = Release|Any CPU
		{CEC8B649-E2F0-41C5-8AD7-869274F4689C}.Release|x86.ActiveCfg = Release|Any CPU
		{E68CA7F7-762E-4724-A9E3-59EB99525345}.Debug|Any CPU.ActiveCfg = Debug|Any CPU
		{E68CA7F7-762E-4724-A9E3-59EB99525345}.Debug|Any CPU.Build.0 = Debug|Any CPU
		{E68CA7F7-762E-4724-A9E3-59EB99525345}.Debug|Mixed Platforms.ActiveCfg = Debug|Any CPU
		{E68CA7F7-762E-4724-A9E3-59EB99525345}.Debug|Mixed Platforms.Build.0 = Debug|Any CPU
		{E68CA7F7-762E-4724-A9E3-59EB99525345}.Debug|x86.ActiveCfg = Debug|Any CPU
		{E68CA7F7-762E-4724-A9E3-59EB99525345}.Release|Any CPU.ActiveCfg = Release|Any CPU
		{E68CA7F7-762E-4724-A9E3-59EB99525345}.Release|Any CPU.Build.0 = Release|Any CPU
		{E68CA7F7-762E-4724-A9E3-59EB99525345}.Release|Mixed Platforms.ActiveCfg = Release|Any CPU
		{E68CA7F7-762E-4724-A9E3-59EB99525345}.Release|Mixed Platforms.Build.0 = Release|Any CPU
		{E68CA7F7-762E-4724-A9E3-59EB99525345}.Release|x86.ActiveCfg = Release|Any CPU
	EndGlobalSection
	GlobalSection(SolutionProperties) = preSolution
		HideSolutionNode = FALSE
	EndGlobalSection
	GlobalSection(NestedProjects) = preSolution
		{7E2B56DF-50E4-46CF-9431-9457B897EDF0} = {6C7A4AF9-0BE9-4430-96BB-6F29591DADDC}
		{70EB9706-B96A-440E-97AC-3926BF9F22D5} = {6C7A4AF9-0BE9-4430-96BB-6F29591DADDC}
		{6F850FB3-9E59-450D-96E6-91CC3365EC5F} = {6C7A4AF9-0BE9-4430-96BB-6F29591DADDC}
		{220668BF-0EA7-4EBD-A20E-6D90DEA63637} = {6C7A4AF9-0BE9-4430-96BB-6F29591DADDC}
		{3854707D-51BA-48AF-B603-7091471EC436} = {6C7A4AF9-0BE9-4430-96BB-6F29591DADDC}
	EndGlobalSection
EndGlobal
