
Microsoft Visual Studio Solution File, Format Version 12.00
# Visual Studio 2013
VisualStudioVersion = 12.0.30110.0
MinimumVisualStudioVersion = 10.0.40219.1
Project("{FAE04EC0-301F-11D3-BF4B-00C04F79EFBC}") = "Oragon.Architecture", "Oragon.Architecture\Oragon.Architecture.csproj", "{B9CB8BA0-3389-4203-A02D-FA3A6091F31C}"
EndProject
Project("{FAE04EC0-301F-11D3-BF4B-00C04F79EFBC}") = "Oragon.Architecture.Aop", "Oragon.Architecture.Aop\Oragon.Architecture.Aop.csproj", "{D69A2068-7E08-438E-A956-4C9C326C5E40}"
EndProject
Project("{FAE04EC0-301F-11D3-BF4B-00C04F79EFBC}") = "Oragon.Architecture.Aop.Data.NHibernate", "Oragon.Architecture.Aop.Data.NHibernate\Oragon.Architecture.Aop.Data.NHibernate.csproj", "{496E3B18-A9E9-4EAB-8E7E-96509BB09551}"
EndProject
Project("{FAE04EC0-301F-11D3-BF4B-00C04F79EFBC}") = "Oragon.Architecture.Aop.Data.MongoDB", "Oragon.Architecture.Aop.Data.MongoDB\Oragon.Architecture.Aop.Data.MongoDB.csproj", "{D9D06542-797D-4A57-95E5-C0A44727A386}"
EndProject
Project("{2150E333-8FDC-42A3-9474-1A3956D46DE8}") = "AOP", "AOP", "{50EAFBC1-28BB-4ABF-AD57-0E8BB898A677}"
EndProject
Project("{FAE04EC0-301F-11D3-BF4B-00C04F79EFBC}") = "Oragon.Architecture.Aop.Data.FluentNHibernate", "Oragon.Architecture.Aop.Data.FluentNHibernate\Oragon.Architecture.Aop.Data.FluentNHibernate.csproj", "{85FD6324-7CC6-43B6-A567-537B3B9FFCAC}"
EndProject
Project("{FAE04EC0-301F-11D3-BF4B-00C04F79EFBC}") = "Oragon.Architecture.Web", "Oragon.Architecture.Web\Oragon.Architecture.Web.csproj", "{9209F672-85EA-43DB-9AB9-61664D82BC33}"
EndProject
Project("{2150E333-8FDC-42A3-9474-1A3956D46DE8}") = "Solution Items", "Solution Items", "{6A97958E-12AA-4B1A-9509-533F9B85D58E}"
	ProjectSection(SolutionItems) = preProject
		AssemblyDependencies.dgml = AssemblyDependencies.dgml
	EndProjectSection
EndProject
Project("{FAE04EC0-301F-11D3-BF4B-00C04F79EFBC}") = "Oragon.Architecture.Aop.ExceptionHandling", "Oragon.Architecture.Aop.ExceptionHandling\Oragon.Architecture.Aop.ExceptionHandling.csproj", "{6E34BDF2-FE49-4258-B358-9BBC923A6AD1}"
EndProject
Global
	GlobalSection(SolutionConfigurationPlatforms) = preSolution
		Debug|Any CPU = Debug|Any CPU
		Release|Any CPU = Release|Any CPU
	EndGlobalSection
	GlobalSection(ProjectConfigurationPlatforms) = postSolution
		{B9CB8BA0-3389-4203-A02D-FA3A6091F31C}.Debug|Any CPU.ActiveCfg = Debug|Any CPU
		{B9CB8BA0-3389-4203-A02D-FA3A6091F31C}.Debug|Any CPU.Build.0 = Debug|Any CPU
		{B9CB8BA0-3389-4203-A02D-FA3A6091F31C}.Release|Any CPU.ActiveCfg = Release|Any CPU
		{B9CB8BA0-3389-4203-A02D-FA3A6091F31C}.Release|Any CPU.Build.0 = Release|Any CPU
		{D69A2068-7E08-438E-A956-4C9C326C5E40}.Debug|Any CPU.ActiveCfg = Debug|Any CPU
		{D69A2068-7E08-438E-A956-4C9C326C5E40}.Debug|Any CPU.Build.0 = Debug|Any CPU
		{D69A2068-7E08-438E-A956-4C9C326C5E40}.Release|Any CPU.ActiveCfg = Release|Any CPU
		{D69A2068-7E08-438E-A956-4C9C326C5E40}.Release|Any CPU.Build.0 = Release|Any CPU
		{496E3B18-A9E9-4EAB-8E7E-96509BB09551}.Debug|Any CPU.ActiveCfg = Debug|Any CPU
		{496E3B18-A9E9-4EAB-8E7E-96509BB09551}.Debug|Any CPU.Build.0 = Debug|Any CPU
		{496E3B18-A9E9-4EAB-8E7E-96509BB09551}.Release|Any CPU.ActiveCfg = Release|Any CPU
		{496E3B18-A9E9-4EAB-8E7E-96509BB09551}.Release|Any CPU.Build.0 = Release|Any CPU
		{D9D06542-797D-4A57-95E5-C0A44727A386}.Debug|Any CPU.ActiveCfg = Debug|Any CPU
		{D9D06542-797D-4A57-95E5-C0A44727A386}.Debug|Any CPU.Build.0 = Debug|Any CPU
		{D9D06542-797D-4A57-95E5-C0A44727A386}.Release|Any CPU.ActiveCfg = Release|Any CPU
		{D9D06542-797D-4A57-95E5-C0A44727A386}.Release|Any CPU.Build.0 = Release|Any CPU
		{85FD6324-7CC6-43B6-A567-537B3B9FFCAC}.Debug|Any CPU.ActiveCfg = Debug|Any CPU
		{85FD6324-7CC6-43B6-A567-537B3B9FFCAC}.Debug|Any CPU.Build.0 = Debug|Any CPU
		{85FD6324-7CC6-43B6-A567-537B3B9FFCAC}.Release|Any CPU.ActiveCfg = Release|Any CPU
		{85FD6324-7CC6-43B6-A567-537B3B9FFCAC}.Release|Any CPU.Build.0 = Release|Any CPU
		{9209F672-85EA-43DB-9AB9-61664D82BC33}.Debug|Any CPU.ActiveCfg = Debug|Any CPU
		{9209F672-85EA-43DB-9AB9-61664D82BC33}.Debug|Any CPU.Build.0 = Debug|Any CPU
		{9209F672-85EA-43DB-9AB9-61664D82BC33}.Release|Any CPU.ActiveCfg = Release|Any CPU
		{9209F672-85EA-43DB-9AB9-61664D82BC33}.Release|Any CPU.Build.0 = Release|Any CPU
		{6E34BDF2-FE49-4258-B358-9BBC923A6AD1}.Debug|Any CPU.ActiveCfg = Debug|Any CPU
		{6E34BDF2-FE49-4258-B358-9BBC923A6AD1}.Debug|Any CPU.Build.0 = Debug|Any CPU
		{6E34BDF2-FE49-4258-B358-9BBC923A6AD1}.Release|Any CPU.ActiveCfg = Release|Any CPU
		{6E34BDF2-FE49-4258-B358-9BBC923A6AD1}.Release|Any CPU.Build.0 = Release|Any CPU
	EndGlobalSection
	GlobalSection(SolutionProperties) = preSolution
		HideSolutionNode = FALSE
	EndGlobalSection
	GlobalSection(NestedProjects) = preSolution
		{D69A2068-7E08-438E-A956-4C9C326C5E40} = {50EAFBC1-28BB-4ABF-AD57-0E8BB898A677}
		{D9D06542-797D-4A57-95E5-C0A44727A386} = {50EAFBC1-28BB-4ABF-AD57-0E8BB898A677}
		{496E3B18-A9E9-4EAB-8E7E-96509BB09551} = {50EAFBC1-28BB-4ABF-AD57-0E8BB898A677}
		{85FD6324-7CC6-43B6-A567-537B3B9FFCAC} = {50EAFBC1-28BB-4ABF-AD57-0E8BB898A677}
		{6E34BDF2-FE49-4258-B358-9BBC923A6AD1} = {50EAFBC1-28BB-4ABF-AD57-0E8BB898A677}
	EndGlobalSection
EndGlobal
